
Microsoft Visual Studio Solution File, Format Version 12.00
# Visual Studio Version 17
VisualStudioVersion = 17.1.32228.430
MinimumVisualStudioVersion = 10.0.40219.1
Project("{FAE04EC0-301F-11D3-BF4B-00C04F79EFBC}") = "PrefixExpressionEvaluationUsingStackConsoleApp", "ConsoleApp2\PrefixExpressionEvaluationUsingStackConsoleApp.csproj", "{AEFB9E84-7CB9-4AAB-914A-7501D9A774D4}"
EndProject
Global
	GlobalSection(SolutionConfigurationPlatforms) = preSolution
		Debug|Any CPU = Debug|Any CPU
		Release|Any CPU = Release|Any CPU
	EndGlobalSection
	GlobalSection(ProjectConfigurationPlatforms) = postSolution
		{AEFB9E84-7CB9-4AAB-914A-7501D9A774D4}.Debug|Any CPU.ActiveCfg = Debug|Any CPU
		{AEFB9E84-7CB9-4AAB-914A-7501D9A774D4}.Debug|Any CPU.Build.0 = Debug|Any CPU
		{AEFB9E84-7CB9-4AAB-914A-7501D9A774D4}.Release|Any CPU.ActiveCfg = Release|Any CPU
		{AEFB9E84-7CB9-4AAB-914A-7501D9A774D4}.Release|Any CPU.Build.0 = Release|Any CPU
	EndGlobalSection
	GlobalSection(SolutionProperties) = preSolution
		HideSolutionNode = FALSE
	EndGlobalSection
	GlobalSection(ExtensibilityGlobals) = postSolution
		SolutionGuid = {68DC1FE4-444E-434B-A97D-6543DDA6A1DF}
	EndGlobalSection
EndGlobal
